
Microsoft Visual Studio Solution File, Format Version 12.00
# Visual Studio Version 16
VisualStudioVersion = 16.0.31729.503
MinimumVisualStudioVersion = 10.0.40219.1
Project("{FAE04EC0-301F-11D3-BF4B-00C04F79EFBC}") = "My_Calculator_Perido", "My_Calculator_Perido\My_Calculator_Perido.csproj", "{BCDACD91-D288-4508-B530-72CB91486AA5}"
EndProject
Global
	GlobalSection(SolutionConfigurationPlatforms) = preSolution
		Debug|Any CPU = Debug|Any CPU
		Release|Any CPU = Release|Any CPU
	EndGlobalSection
	GlobalSection(ProjectConfigurationPlatforms) = postSolution
		{BCDACD91-D288-4508-B530-72CB91486AA5}.Debug|Any CPU.ActiveCfg = Debug|Any CPU
		{BCDACD91-D288-4508-B530-72CB91486AA5}.Debug|Any CPU.Build.0 = Debug|Any CPU
		{BCDACD91-D288-4508-B530-72CB91486AA5}.Release|Any CPU.ActiveCfg = Release|Any CPU
		{BCDACD91-D288-4508-B530-72CB91486AA5}.Release|Any CPU.Build.0 = Release|Any CPU
	EndGlobalSection
	GlobalSection(SolutionProperties) = preSolution
		HideSolutionNode = FALSE
	EndGlobalSection
	GlobalSection(ExtensibilityGlobals) = postSolution
		SolutionGuid = {E268F667-EA46-40B4-A377-2EE71E67F879}
	EndGlobalSection
EndGlobal
